
Microsoft Visual Studio Solution File, Format Version 12.00
# Visual Studio Version 16
VisualStudioVersion = 16.0.30204.135
MinimumVisualStudioVersion = 10.0.40219.1
Project("{9A19103F-16F7-4668-BE54-9A1E7A4F7556}") = "XUnitTestProject1", "XUnitTestProject1\XUnitTestProject1.csproj", "{FA6C63F7-7D70-4A71-90C5-3C97558BA24A}"
EndProject
Project("{9A19103F-16F7-4668-BE54-9A1E7A4F7556}") = "moneda", "..\..\..\moneda\moneda.csproj", "{176217A3-F9DB-4A30-890F-B2F79CD505A1}"
EndProject
Global
	GlobalSection(SolutionConfigurationPlatforms) = preSolution
		Debug|Any CPU = Debug|Any CPU
		Release|Any CPU = Release|Any CPU
	EndGlobalSection
	GlobalSection(ProjectConfigurationPlatforms) = postSolution
		{FA6C63F7-7D70-4A71-90C5-3C97558BA24A}.Debug|Any CPU.ActiveCfg = Debug|Any CPU
		{FA6C63F7-7D70-4A71-90C5-3C97558BA24A}.Debug|Any CPU.Build.0 = Debug|Any CPU
		{FA6C63F7-7D70-4A71-90C5-3C97558BA24A}.Release|Any CPU.ActiveCfg = Release|Any CPU
		{FA6C63F7-7D70-4A71-90C5-3C97558BA24A}.Release|Any CPU.Build.0 = Release|Any CPU
		{176217A3-F9DB-4A30-890F-B2F79CD505A1}.Debug|Any CPU.ActiveCfg = Debug|Any CPU
		{176217A3-F9DB-4A30-890F-B2F79CD505A1}.Debug|Any CPU.Build.0 = Debug|Any CPU
		{176217A3-F9DB-4A30-890F-B2F79CD505A1}.Release|Any CPU.ActiveCfg = Release|Any CPU
		{176217A3-F9DB-4A30-890F-B2F79CD505A1}.Release|Any CPU.Build.0 = Release|Any CPU
	EndGlobalSection
	GlobalSection(SolutionProperties) = preSolution
		HideSolutionNode = FALSE
	EndGlobalSection
	GlobalSection(ExtensibilityGlobals) = postSolution
		SolutionGuid = {F34D232B-CFD3-4BFC-A297-074B66E3DCD8}
	EndGlobalSection
EndGlobal
